
Microsoft Visual Studio Solution File, Format Version 12.00
# Visual Studio 14
VisualStudioVersion = 14.0.22129.1
MinimumVisualStudioVersion = 10.0.40219.1
Project("{8BC9CEB8-8B4A-11D0-8D11-00A0C91BC942}") = "kmu", "kmu\kmu.vcxproj", "{D9C1F736-E1FB-407C-9C64-17775B2B9AB3}"
EndProject
Project("{8BC9CEB8-8B4A-11D0-8D11-00A0C91BC942}") = "Examples", "..\Examples\Examples.vcxproj", "{A20BC1FD-46AC-46F3-A0A0-DDB79E781A29}"
EndProject
Global
	GlobalSection(SolutionConfigurationPlatforms) = preSolution
		Debug|Win32 = Debug|Win32
		Release|Win32 = Release|Win32
	EndGlobalSection
	GlobalSection(ProjectConfigurationPlatforms) = postSolution
		{D9C1F736-E1FB-407C-9C64-17775B2B9AB3}.Debug|Win32.ActiveCfg = Debug|Win32
		{D9C1F736-E1FB-407C-9C64-17775B2B9AB3}.Debug|Win32.Build.0 = Debug|Win32
		{D9C1F736-E1FB-407C-9C64-17775B2B9AB3}.Release|Win32.ActiveCfg = Release|Win32
		{D9C1F736-E1FB-407C-9C64-17775B2B9AB3}.Release|Win32.Build.0 = Release|Win32
		{A20BC1FD-46AC-46F3-A0A0-DDB79E781A29}.Debug|Win32.ActiveCfg = Debug|Win32
		{A20BC1FD-46AC-46F3-A0A0-DDB79E781A29}.Debug|Win32.Build.0 = Debug|Win32
		{A20BC1FD-46AC-46F3-A0A0-DDB79E781A29}.Release|Win32.ActiveCfg = Release|Win32
		{A20BC1FD-46AC-46F3-A0A0-DDB79E781A29}.Release|Win32.Build.0 = Release|Win32
	EndGlobalSection
	GlobalSection(SolutionProperties) = preSolution
		HideSolutionNode = FALSE
	EndGlobalSection
EndGlobal
